
Microsoft Visual Studio Solution File, Format Version 12.00
# Visual Studio 15
VisualStudioVersion = 15.0.28307.136
MinimumVisualStudioVersion = 10.0.40219.1
Project("{FAE04EC0-301F-11D3-BF4B-00C04F79EFBC}") = "EntityFramworkAssignment1", "EntityFramworkAssignment1\EntityFramworkAssignment1.csproj", "{67F9D65F-112F-45B8-AFD3-8D7746DFD46C}"
EndProject
Project("{FAE04EC0-301F-11D3-BF4B-00C04F79EFBC}") = "EF.Models", "EF.Models\EF.Models.csproj", "{986A148F-A04E-403C-9657-E9DDE2502C34}"
EndProject
Global
	GlobalSection(SolutionConfigurationPlatforms) = preSolution
		Debug|Any CPU = Debug|Any CPU
		Release|Any CPU = Release|Any CPU
	EndGlobalSection
	GlobalSection(ProjectConfigurationPlatforms) = postSolution
		{67F9D65F-112F-45B8-AFD3-8D7746DFD46C}.Debug|Any CPU.ActiveCfg = Debug|Any CPU
		{67F9D65F-112F-45B8-AFD3-8D7746DFD46C}.Debug|Any CPU.Build.0 = Debug|Any CPU
		{67F9D65F-112F-45B8-AFD3-8D7746DFD46C}.Release|Any CPU.ActiveCfg = Release|Any CPU
		{67F9D65F-112F-45B8-AFD3-8D7746DFD46C}.Release|Any CPU.Build.0 = Release|Any CPU
		{986A148F-A04E-403C-9657-E9DDE2502C34}.Debug|Any CPU.ActiveCfg = Debug|Any CPU
		{986A148F-A04E-403C-9657-E9DDE2502C34}.Debug|Any CPU.Build.0 = Debug|Any CPU
		{986A148F-A04E-403C-9657-E9DDE2502C34}.Release|Any CPU.ActiveCfg = Release|Any CPU
		{986A148F-A04E-403C-9657-E9DDE2502C34}.Release|Any CPU.Build.0 = Release|Any CPU
	EndGlobalSection
	GlobalSection(SolutionProperties) = preSolution
		HideSolutionNode = FALSE
	EndGlobalSection
	GlobalSection(ExtensibilityGlobals) = postSolution
		SolutionGuid = {08E51EE2-ECBD-4052-884B-C3AC394C2B7D}
	EndGlobalSection
EndGlobal
